<?xml version="1.0" encoding="utf-8"?>
<Project ToolsVersion="4.0" xmlns="http://schemas.microsoft.com/developer/msbuild/2003">
  <ItemGroup>
    <Filter Include="Source Files">
      <UniqueIdentifier>{4FC737F1-C7A5-4376-A066-2A32D752A2FF}</UniqueIdentifier>
      <Extensions>cpp;c;cc;cxx;c++;cppm;ixx;def;odl;idl;hpj;bat;asm;asmx</Extensions>
    </Filter>
    <Filter Include="Header Files">
      <UniqueIdentifier>{93995380-89BD-4b04-88EB-625FBE52EBFB}</UniqueIdentifier>
      <Extensions>h;hh;hpp;hxx;h++;hm;inl;inc;ipp;xsd</Extensions>
    </Filter>
    <Filter Include="Resource Files">
      <UniqueIdentifier>{67DA6AB6-F800-4c08-8B7A-83BB121AAD01}</UniqueIdentifier>
      <Extensions>rc;ico;cur;bmp;dlg;rc2;rct;bin;rgs;gif;jpg;jpeg;jpe;resx;tiff;tif;png;wav;mfcribbon-ms</Extensions>
    </Filter>
    <Filter Include="Shader">
      <UniqueIdentifier>{875c5b58-bf1b-4956-bd83-07d5bae18b8a}</UniqueIdentifier>
    </Filter>
    <Filter Include="dxerr">
      <UniqueIdentifier>{7fc1614d-c705-4b35-97e3-953cb8efd337}</UniqueIdentifier>
    </Filter>
    <Filter Include="Header Files\Bindable">
      <UniqueIdentifier>{85d0d99e-9beb-45b9-a00d-0f32e3c01940}</UniqueIdentifier>
    </Filter>
    <Filter Include="Source Files\Bindable">
      <UniqueIdentifier>{23bf36a6-4ae7-41ff-a5a8-45ace023ec78}</UniqueIdentifier>
    </Filter>
    <Filter Include="Header Files\Drawable">
      <UniqueIdentifier>{76554042-8740-4316-8a95-2b27b6c594b4}</UniqueIdentifier>
    </Filter>
    <Filter Include="Source Files\Drawable">
      <UniqueIdentifier>{813c690d-0cff-4c49-825c-6251f492a899}</UniqueIdentifier>
    </Filter>
    <Filter Include="Header Files\Geometry">
      <UniqueIdentifier>{ff1669a9-97cf-4f67-97a0-b818033431c5}</UniqueIdentifier>
    </Filter>
    <Filter Include="Header Files\Macros">
      <UniqueIdentifier>{2496664b-e1d9-4b94-b4cb-1c1e6c161d2c}</UniqueIdentifier>
    </Filter>
    <Filter Include="ImGui">
      <UniqueIdentifier>{0b57ee1b-e60f-4dc5-ba31-8ccfc086e282}</UniqueIdentifier>
    </Filter>
    <Filter Include="Shader\Phong">
      <UniqueIdentifier>{1197ffdc-d0a4-48f7-9597-e94da5374105}</UniqueIdentifier>
    </Filter>
    <Filter Include="Shader\ShaderIncludes">
      <UniqueIdentifier>{28114c33-c3f6-4dd9-8f78-3d744955f6a5}</UniqueIdentifier>
    </Filter>
    <Filter Include="Header Files\Model">
      <UniqueIdentifier>{e396af9d-156e-4ee6-ac85-32f862960d54}</UniqueIdentifier>
    </Filter>
    <Filter Include="Source Files\Model">
      <UniqueIdentifier>{3bbac319-4145-4e51-a74e-db291480993a}</UniqueIdentifier>
    </Filter>
    <Filter Include="Shader\Fullscreen Filters">
      <UniqueIdentifier>{c5d41529-b7c2-4c0b-8119-88f728a5ce7a}</UniqueIdentifier>
    </Filter>
    <Filter Include="Header Files\RenderGraph">
      <UniqueIdentifier>{84a4387b-4c1c-45e0-aff3-0a2fdda6f3cc}</UniqueIdentifier>
    </Filter>
    <Filter Include="Header Files\RenderGraph\Graphlib">
      <UniqueIdentifier>{9f7ed5da-0a03-414e-bc13-d97c78d72336}</UniqueIdentifier>
    </Filter>
    <Filter Include="Header Files\RenderGraph\Passlib">
      <UniqueIdentifier>{208b27d3-a1a3-4ce5-ab06-45fb0b129565}</UniqueIdentifier>
    </Filter>
    <Filter Include="Header Files\RenderGraph\Passlib\Base">
      <UniqueIdentifier>{073d4dd1-b55d-441d-9354-48e86f35db5c}</UniqueIdentifier>
    </Filter>
    <Filter Include="Source Files\RenderGraph">
      <UniqueIdentifier>{d07ee3c9-aacf-41ca-b17b-b543436dd077}</UniqueIdentifier>
    </Filter>
    <Filter Include="Source Files\RenderGraph\Passlib">
      <UniqueIdentifier>{35c7d537-960e-45a7-b941-ee282ccbb5ec}</UniqueIdentifier>
    </Filter>
    <Filter Include="Source Files\RenderGraph\Graphlib">
      <UniqueIdentifier>{fe495dc8-1dd9-4668-9e31-35b068808cc6}</UniqueIdentifier>
    </Filter>
    <Filter Include="Shader\Solid">
      <UniqueIdentifier>{8c143298-e74b-4d01-bde8-4e0edf3e2be0}</UniqueIdentifier>
    </Filter>
  </ItemGroup>
  <ItemGroup>
    <ClCompile Include="WInMain.cpp">
      <Filter>Source Files</Filter>
    </ClCompile>
    <ClCompile Include="Window.cpp">
      <Filter>Source Files</Filter>
    </ClCompile>
    <ClCompile Include="NastihanException.cpp">
      <Filter>Source Files</Filter>
    </ClCompile>
    <ClCompile Include="Keyboard.cpp">
      <Filter>Source Files</Filter>
    </ClCompile>
    <ClCompile Include="Mouse.cpp">
      <Filter>Source Files</Filter>
    </ClCompile>
    <ClCompile Include="App.cpp">
      <Filter>Source Files</Filter>
    </ClCompile>
    <ClCompile Include="NastihanTimer.cpp">
      <Filter>Source Files</Filter>
    </ClCompile>
    <ClCompile Include="Graphics.cpp">
      <Filter>Source Files</Filter>
    </ClCompile>
    <ClCompile Include="DxgiInfoManager.cpp">
      <Filter>Source Files</Filter>
    </ClCompile>
    <ClCompile Include="dxerr.cpp">
      <Filter>dxerr</Filter>
    </ClCompile>
    <ClCompile Include="VertexBuffer.cpp">
      <Filter>Source Files\Bindable</Filter>
    </ClCompile>
    <ClCompile Include="Topology.cpp">
      <Filter>Source Files\Bindable</Filter>
    </ClCompile>
    <ClCompile Include="IndexBuffer.cpp">
      <Filter>Source Files\Bindable</Filter>
    </ClCompile>
    <ClCompile Include="InputLayout.cpp">
      <Filter>Source Files\Bindable</Filter>
    </ClCompile>
    <ClCompile Include="VertexShader.cpp">
      <Filter>Source Files\Bindable</Filter>
    </ClCompile>
    <ClCompile Include="PixelShader.cpp">
      <Filter>Source Files\Bindable</Filter>
    </ClCompile>
    <ClCompile Include="TransformCbuf.cpp">
      <Filter>Source Files\Bindable</Filter>
    </ClCompile>
    <ClCompile Include="Drawable.cpp">
      <Filter>Source Files\Drawable</Filter>
    </ClCompile>
    <ClCompile Include="GDIPlusManager.cpp">
      <Filter>Source Files</Filter>
    </ClCompile>
    <ClCompile Include="Surface.cpp">
      <Filter>Source Files</Filter>
    </ClCompile>
    <ClCompile Include="Texture.cpp">
      <Filter>Source Files\Bindable</Filter>
    </ClCompile>
    <ClCompile Include="Sampler.cpp">
      <Filter>Source Files\Bindable</Filter>
    </ClCompile>
    <ClCompile Include="WindowMessageMap.cpp">
      <Filter>Source Files</Filter>
    </ClCompile>
    <ClCompile Include="ImGui\imgui.cpp">
      <Filter>ImGui</Filter>
    </ClCompile>
    <ClCompile Include="ImGui\imgui_demo.cpp">
      <Filter>ImGui</Filter>
    </ClCompile>
    <ClCompile Include="ImGui\imgui_draw.cpp">
      <Filter>ImGui</Filter>
    </ClCompile>
    <ClCompile Include="ImGui\imgui_impl_dx11.cpp">
      <Filter>ImGui</Filter>
    </ClCompile>
    <ClCompile Include="ImGui\imgui_impl_win32.cpp">
      <Filter>ImGui</Filter>
    </ClCompile>
    <ClCompile Include="ImGui\imgui_widgets.cpp">
      <Filter>ImGui</Filter>
    </ClCompile>
    <ClCompile Include="ImGuiManager.cpp">
      <Filter>Source Files</Filter>
    </ClCompile>
    <ClCompile Include="Camera.cpp">
      <Filter>Source Files</Filter>
    </ClCompile>
    <ClCompile Include="SolidSphere.cpp">
      <Filter>Source Files\Drawable</Filter>
    </ClCompile>
    <ClCompile Include="PointLight.cpp">
      <Filter>Source Files</Filter>
    </ClCompile>
    <ClCompile Include="Vertex.cpp">
      <Filter>Source Files</Filter>
    </ClCompile>
    <ClCompile Include="TestPlane.cpp">
      <Filter>Source Files\Drawable</Filter>
    </ClCompile>
    <ClCompile Include="NastihanXM.cpp">
      <Filter>Source Files</Filter>
    </ClCompile>
    <ClCompile Include="TexturePreprocessor.cpp">
      <Filter>Source Files</Filter>
    </ClCompile>
    <ClCompile Include="Blender.cpp">
      <Filter>Source Files\Bindable</Filter>
    </ClCompile>
    <ClCompile Include="Rasterizer.cpp">
      <Filter>Source Files\Bindable</Filter>
    </ClCompile>
    <ClCompile Include="NastihanUtil.cpp">
      <Filter>Source Files</Filter>
    </ClCompile>
    <ClCompile Include="ScriptCommander.cpp">
      <Filter>Source Files</Filter>
    </ClCompile>
    <ClCompile Include="DynamicConstant.cpp">
      <Filter>Source Files</Filter>
    </ClCompile>
    <ClCompile Include="LayoutCodex.cpp">
      <Filter>Source Files\Bindable</Filter>
    </ClCompile>
    <ClCompile Include="TestCube.cpp">
      <Filter>Source Files\Drawable</Filter>
    </ClCompile>
    <ClCompile Include="Technique.cpp">
      <Filter>Source Files\RenderGraph</Filter>
    </ClCompile>
    <ClCompile Include="Step.cpp">
      <Filter>Source Files\RenderGraph</Filter>
    </ClCompile>
    <ClCompile Include="Job.cpp">
      <Filter>Source Files\RenderGraph</Filter>
    </ClCompile>
    <ClCompile Include="NullPixelShader.cpp">
      <Filter>Source Files</Filter>
    </ClCompile>
    <ClCompile Include="Mesh.cpp">
      <Filter>Source Files\Model</Filter>
    </ClCompile>
    <ClCompile Include="Material.cpp">
      <Filter>Source Files\Model</Filter>
    </ClCompile>
    <ClCompile Include="ModelException.cpp">
      <Filter>Source Files\Model</Filter>
    </ClCompile>
    <ClCompile Include="Model.cpp">
      <Filter>Source Files\Model</Filter>
    </ClCompile>
    <ClCompile Include="Node.cpp">
      <Filter>Source Files\Model</Filter>
    </ClCompile>
    <ClCompile Include="GraphicsResource.cpp">
      <Filter>Source Files</Filter>
    </ClCompile>
    <ClCompile Include="DepthStencil.cpp">
      <Filter>Source Files\Bindable</Filter>
    </ClCompile>
    <ClCompile Include="RenderTarget.cpp">
      <Filter>Source Files\Bindable</Filter>
    </ClCompile>
    <ClCompile Include="Pass.cpp">
      <Filter>Source Files\RenderGraph</Filter>
    </ClCompile>
    <ClCompile Include="BlurOutlineRenderGraph.cpp">
      <Filter>Source Files\RenderGraph\Graphlib</Filter>
    </ClCompile>
    <ClCompile Include="ScaleOutlineRenderGraph.cpp">
      <Filter>Source Files\RenderGraph\Graphlib</Filter>
    </ClCompile>
    <ClCompile Include="Source.cpp">
      <Filter>Source Files\RenderGraph\Passlib</Filter>
    </ClCompile>
    <ClCompile Include="BindingPass.cpp">
      <Filter>Source Files\RenderGraph\Passlib</Filter>
    </ClCompile>
    <ClCompile Include="BufferClearPass.cpp">
      <Filter>Source Files\RenderGraph\Passlib</Filter>
    </ClCompile>
    <ClCompile Include="FullscreenPass.cpp">
      <Filter>Source Files\RenderGraph\Passlib</Filter>
    </ClCompile>
    <ClCompile Include="RenderGraphCompileException.cpp">
      <Filter>Source Files\RenderGraph\Passlib</Filter>
    </ClCompile>
    <ClCompile Include="RenderQueuePass.cpp">
      <Filter>Source Files\RenderGraph\Passlib</Filter>
    </ClCompile>
    <ClCompile Include="Sink.cpp">
      <Filter>Source Files\RenderGraph\Passlib</Filter>
    </ClCompile>
    <ClCompile Include="RenderGraph.cpp">
      <Filter>Source Files\RenderGraph</Filter>
    </ClCompile>
    <ClCompile Include="StepLinkingProbe.cpp">
      <Filter>Source Files\RenderGraph</Filter>
    </ClCompile>
    <ClCompile Include="TransformCbufScaling.cpp">
      <Filter>Source Files\Bindable</Filter>
    </ClCompile>
    <ClCompile Include="HorizontalBlurPass.cpp">
      <Filter>Source Files\RenderGraph\Passlib</Filter>
    </ClCompile>
    <ClCompile Include="VerticalBlurPass.cpp">
      <Filter>Source Files\RenderGraph\Passlib</Filter>
    </ClCompile>
    <ClCompile Include="CameraContainer.cpp">
      <Filter>Source Files</Filter>
    </ClCompile>
    <ClCompile Include="Projection.cpp">
      <Filter>Source Files</Filter>
    </ClCompile>
    <ClCompile Include="CameraIndicator.cpp">
      <Filter>Source Files</Filter>
    </ClCompile>
  </ItemGroup>
  <ItemGroup>
    <ClInclude Include="Window.h">
      <Filter>Header Files</Filter>
    </ClInclude>
    <ClInclude Include="NastihanWin.h">
      <Filter>Header Files</Filter>
    </ClInclude>
    <ClInclude Include="NastihanException.h">
      <Filter>Header Files</Filter>
    </ClInclude>
    <ClInclude Include="Keyboard.h">
      <Filter>Header Files</Filter>
    </ClInclude>
    <ClInclude Include="Mouse.h">
      <Filter>Header Files</Filter>
    </ClInclude>
    <ClInclude Include="App.h">
      <Filter>Header Files</Filter>
    </ClInclude>
    <ClInclude Include="NastihanTimer.h">
      <Filter>Header Files</Filter>
    </ClInclude>
    <ClInclude Include="Graphics.h">
      <Filter>Header Files</Filter>
    </ClInclude>
    <ClInclude Include="DxgiInfoManager.h">
      <Filter>Header Files</Filter>
    </ClInclude>
    <ClInclude Include="dxerr.h">
      <Filter>dxerr</Filter>
    </ClInclude>
    <ClInclude Include="WindowsThrowMacros.h">
      <Filter>Header Files\Macros</Filter>
    </ClInclude>
    <ClInclude Include="GraphicsThrowMacros.h">
      <Filter>Header Files\Macros</Filter>
    </ClInclude>
    <ClInclude Include="Bindable.h">
      <Filter>Header Files\Bindable</Filter>
    </ClInclude>
    <ClInclude Include="Drawable.h">
      <Filter>Header Files\Drawable</Filter>
    </ClInclude>
    <ClInclude Include="VertexBuffer.h">
      <Filter>Header Files\Bindable</Filter>
    </ClInclude>
    <ClInclude Include="Topology.h">
      <Filter>Header Files\Bindable</Filter>
    </ClInclude>
    <ClInclude Include="IndexBuffer.h">
      <Filter>Header Files\Bindable</Filter>
    </ClInclude>
    <ClInclude Include="InputLayout.h">
      <Filter>Header Files\Bindable</Filter>
    </ClInclude>
    <ClInclude Include="VertexShader.h">
      <Filter>Header Files\Bindable</Filter>
    </ClInclude>
    <ClInclude Include="PixelShader.h">
      <Filter>Header Files\Bindable</Filter>
    </ClInclude>
    <ClInclude Include="ConstantBuffers.h">
      <Filter>Header Files\Bindable</Filter>
    </ClInclude>
    <ClInclude Include="TransformCbuf.h">
      <Filter>Header Files\Bindable</Filter>
    </ClInclude>
    <ClInclude Include="BindableCommon.h">
      <Filter>Header Files\Bindable</Filter>
    </ClInclude>
    <ClInclude Include="IndexedTriangleList.h">
      <Filter>Header Files\Geometry</Filter>
    </ClInclude>
    <ClInclude Include="Cube.h">
      <Filter>Header Files\Geometry</Filter>
    </ClInclude>
    <ClInclude Include="Sphere.h">
      <Filter>Header Files\Geometry</Filter>
    </ClInclude>
    <ClInclude Include="Cone.h">
      <Filter>Header Files\Geometry</Filter>
    </ClInclude>
    <ClInclude Include="Plane.h">
      <Filter>Header Files\Geometry</Filter>
    </ClInclude>
    <ClInclude Include="Prism.h">
      <Filter>Header Files\Geometry</Filter>
    </ClInclude>
    <ClInclude Include="GDIPlusManager.h">
      <Filter>Header Files</Filter>
    </ClInclude>
    <ClInclude Include="Surface.h">
      <Filter>Header Files</Filter>
    </ClInclude>
    <ClInclude Include="Texture.h">
      <Filter>Header Files\Bindable</Filter>
    </ClInclude>
    <ClInclude Include="Sampler.h">
      <Filter>Header Files\Bindable</Filter>
    </ClInclude>
    <ClInclude Include="WindowMessageMap.h">
      <Filter>Header Files</Filter>
    </ClInclude>
    <ClInclude Include="ImGui\imconfig.h">
      <Filter>ImGui</Filter>
    </ClInclude>
    <ClInclude Include="ImGui\imgui.h">
      <Filter>ImGui</Filter>
    </ClInclude>
    <ClInclude Include="ImGui\imgui_impl_dx11.h">
      <Filter>ImGui</Filter>
    </ClInclude>
    <ClInclude Include="ImGui\imgui_impl_win32.h">
      <Filter>ImGui</Filter>
    </ClInclude>
    <ClInclude Include="ImGui\imgui_internal.h">
      <Filter>ImGui</Filter>
    </ClInclude>
    <ClInclude Include="ImGui\imstb_rectpack.h">
      <Filter>ImGui</Filter>
    </ClInclude>
    <ClInclude Include="ImGui\imstb_textedit.h">
      <Filter>ImGui</Filter>
    </ClInclude>
    <ClInclude Include="ImGui\imstb_truetype.h">
      <Filter>ImGui</Filter>
    </ClInclude>
    <ClInclude Include="ImGuiManager.h">
      <Filter>Header Files</Filter>
    </ClInclude>
    <ClInclude Include="Camera.h">
      <Filter>Header Files</Filter>
    </ClInclude>
    <ClInclude Include="PointLight.h">
      <Filter>Header Files</Filter>
    </ClInclude>
    <ClInclude Include="SolidSphere.h">
      <Filter>Header Files\Drawable</Filter>
    </ClInclude>
    <ClInclude Include="Color.h">
      <Filter>Header Files</Filter>
    </ClInclude>
    <ClInclude Include="ConditionalNoexcept.h">
      <Filter>Header Files\Macros</Filter>
    </ClInclude>
    <ClInclude Include="BindableCodex.h">
      <Filter>Header Files\Bindable</Filter>
    </ClInclude>
    <ClInclude Include="TestPlane.h">
      <Filter>Header Files\Drawable</Filter>
    </ClInclude>
    <ClInclude Include="NormalMapTwerker.h">
      <Filter>Header Files</Filter>
    </ClInclude>
    <ClInclude Include="NastihanXM.h">
      <Filter>Header Files</Filter>
    </ClInclude>
    <ClInclude Include="TexturePreprocessor.h">
      <Filter>Header Files</Filter>
    </ClInclude>
    <ClInclude Include="Blender.h">
      <Filter>Header Files\Bindable</Filter>
    </ClInclude>
    <ClInclude Include="Rasterizer.h">
      <Filter>Header Files\Bindable</Filter>
    </ClInclude>
    <ClInclude Include="NastihanUtil.h">
      <Filter>Header Files</Filter>
    </ClInclude>
    <ClInclude Include="ScriptCommander.h">
      <Filter>Header Files</Filter>
    </ClInclude>
    <ClInclude Include="DynamicConstant.h">
      <Filter>Header Files</Filter>
    </ClInclude>
    <ClInclude Include="LayoutCodex.h">
      <Filter>Header Files\Bindable</Filter>
    </ClInclude>
    <ClInclude Include="ConstantBuffersEx.h">
      <Filter>Header Files\Bindable</Filter>
    </ClInclude>
    <ClInclude Include="Stencil.h">
      <Filter>Header Files\Bindable</Filter>
    </ClInclude>
    <ClInclude Include="TestCube.h">
      <Filter>Header Files\Drawable</Filter>
    </ClInclude>
    <ClInclude Include="Technique.h">
      <Filter>Header Files\RenderGraph</Filter>
    </ClInclude>
    <ClInclude Include="Step.h">
      <Filter>Header Files\RenderGraph</Filter>
    </ClInclude>
    <ClInclude Include="Job.h">
      <Filter>Header Files\RenderGraph</Filter>
    </ClInclude>
    <ClInclude Include="NullPixelShader.h">
      <Filter>Header Files\Bindable</Filter>
    </ClInclude>
    <ClInclude Include="PerfLog.h">
      <Filter>Header Files</Filter>
    </ClInclude>
    <ClInclude Include="TechniqueProbe.h">
      <Filter>Header Files\RenderGraph</Filter>
    </ClInclude>
    <ClInclude Include="Vertex.h">
      <Filter>Header Files</Filter>
    </ClInclude>
    <ClInclude Include="Mesh.h">
      <Filter>Header Files\Model</Filter>
    </ClInclude>
    <ClInclude Include="Testing.h">
      <Filter>Header Files</Filter>
    </ClInclude>
    <ClInclude Include="Material.h">
      <Filter>Header Files\Model</Filter>
    </ClInclude>
    <ClInclude Include="ModelException.h">
      <Filter>Header Files\Model</Filter>
    </ClInclude>
    <ClInclude Include="Model.h">
      <Filter>Header Files\Model</Filter>
    </ClInclude>
    <ClInclude Include="Node.h">
      <Filter>Header Files\Model</Filter>
    </ClInclude>
    <ClInclude Include="ModelProbe.h">
      <Filter>Header Files\RenderGraph</Filter>
    </ClInclude>
    <ClInclude Include="RenderTarget.h">
      <Filter>Header Files\Bindable</Filter>
    </ClInclude>
    <ClInclude Include="GraphicsResource.h">
      <Filter>Header Files</Filter>
    </ClInclude>
    <ClInclude Include="DepthStencil.h">
      <Filter>Header Files\Bindable</Filter>
    </ClInclude>
    <ClInclude Include="Pass.h">
      <Filter>Header Files\RenderGraph\Passlib\Base</Filter>
    </ClInclude>
    <ClInclude Include="rg\BindingPass.h">
      <Filter>Header Files\RenderGraph\Passlib\Base</Filter>
    </ClInclude>
    <ClInclude Include="rg\RenderGraph.h">
      <Filter>Header Files\RenderGraph</Filter>
    </ClInclude>
    <ClInclude Include="BlurOutlineRenderGraph.h">
      <Filter>Header Files\RenderGraph\Graphlib</Filter>
    </ClInclude>
    <ClInclude Include="ScaleOutlineRenderGraph.h">
      <Filter>Header Files\RenderGraph\Graphlib</Filter>
    </ClInclude>
    <ClInclude Include="FullscreenPass.h">
      <Filter>Header Files\RenderGraph\Passlib\Base</Filter>
    </ClInclude>
    <ClInclude Include="RenderQueuePass.h">
      <Filter>Header Files\RenderGraph\Passlib\Base</Filter>
    </ClInclude>
    <ClInclude Include="Sink.h">
      <Filter>Header Files\RenderGraph\Passlib\Base</Filter>
    </ClInclude>
    <ClInclude Include="Source.h">
      <Filter>Header Files\RenderGraph\Passlib\Base</Filter>
    </ClInclude>
    <ClInclude Include="VerticalBlurPass.h">
      <Filter>Header Files\RenderGraph\Passlib</Filter>
    </ClInclude>
    <ClInclude Include="BlurOutlineDrawingPass.h">
      <Filter>Header Files\RenderGraph\Passlib</Filter>
    </ClInclude>
    <ClInclude Include="BufferClearPass.h">
      <Filter>Header Files\RenderGraph\Passlib</Filter>
    </ClInclude>
    <ClInclude Include="HorizontalBlurPass.h">
      <Filter>Header Files\RenderGraph\Passlib</Filter>
    </ClInclude>
    <ClInclude Include="LambertianPass.h">
      <Filter>Header Files\RenderGraph\Passlib</Filter>
    </ClInclude>
    <ClInclude Include="OutlineDrawingPass.h">
      <Filter>Header Files\RenderGraph\Passlib</Filter>
    </ClInclude>
    <ClInclude Include="OutlineMaskGenerationPass.h">
      <Filter>Header Files\RenderGraph\Passlib</Filter>
    </ClInclude>
    <ClInclude Include="RenderGraphCompileException.h">
      <Filter>Header Files\RenderGraph\Passlib</Filter>
    </ClInclude>
    <ClInclude Include="StepLinkingProbe.h">
      <Filter>Header Files\RenderGraph</Filter>
    </ClInclude>
    <ClInclude Include="BufferResource.h">
      <Filter>Header Files\Bindable</Filter>
    </ClInclude>
    <ClInclude Include="TransformCbufScaling.h">
      <Filter>Header Files\Bindable</Filter>
    </ClInclude>
    <ClInclude Include="TestModelProbe.h">
      <Filter>Header Files</Filter>
    </ClInclude>
    <ClInclude Include="CameraContainer.h">
      <Filter>Header Files</Filter>
    </ClInclude>
    <ClInclude Include="Projection.h">
      <Filter>Header Files</Filter>
    </ClInclude>
    <ClInclude Include="NastihanMath.h">
      <Filter>Header Files</Filter>
    </ClInclude>
    <ClInclude Include="CameraIndicator.h">
      <Filter>Header Files\Drawable</Filter>
    </ClInclude>
  </ItemGroup>
  <ItemGroup>
    <FxCompile Include="Phong_PS.hlsl">
      <Filter>Shader\Phong</Filter>
    </FxCompile>
    <FxCompile Include="Phong_VS.hlsl">
      <Filter>Shader\Phong</Filter>
    </FxCompile>
    <FxCompile Include="PhongDif_PS.hlsl">
      <Filter>Shader\Phong</Filter>
    </FxCompile>
    <FxCompile Include="PhongDif_VS.hlsl">
      <Filter>Shader\Phong</Filter>
    </FxCompile>
    <FxCompile Include="PhongDifMskSpcNrm_PS.hlsl">
      <Filter>Shader\Phong</Filter>
    </FxCompile>
    <FxCompile Include="PhongDifMskSpcNrm_VS.hlsl">
      <Filter>Shader\Phong</Filter>
    </FxCompile>
    <FxCompile Include="PhongDifNrm_PS.hlsl">
      <Filter>Shader\Phong</Filter>
    </FxCompile>
    <FxCompile Include="PhongDifNrm_VS.hlsl">
      <Filter>Shader\Phong</Filter>
    </FxCompile>
    <FxCompile Include="PhongDifSpc_PS.hlsl">
      <Filter>Shader\Phong</Filter>
    </FxCompile>
    <FxCompile Include="PhongDifSpc_VS.hlsl">
      <Filter>Shader\Phong</Filter>
    </FxCompile>
    <FxCompile Include="PhongDifSpcNrm_PS.hlsl">
      <Filter>Shader\Phong</Filter>
    </FxCompile>
    <FxCompile Include="PhongDifSpcNrm_VS.hlsl">
      <Filter>Shader\Phong</Filter>
    </FxCompile>
    <FxCompile Include="xPhongDifNro.hlsl">
      <Filter>Shader\Phong</Filter>
    </FxCompile>
    <FxCompile Include="Solid_PS.hlsl">
      <Filter>Shader\Solid</Filter>
    </FxCompile>
    <FxCompile Include="Solid_VS.hlsl">
      <Filter>Shader\Solid</Filter>
    </FxCompile>
    <FxCompile Include="Offset_VS.hlsl">
      <Filter>Shader\Phong</Filter>
    </FxCompile>
    <FxCompile Include="Fullscreen_VS.hlsl">
      <Filter>Shader\Fullscreen Filters</Filter>
    </FxCompile>
    <FxCompile Include="Negative_PS.hlsl">
      <Filter>Shader\Fullscreen Filters</Filter>
    </FxCompile>
    <FxCompile Include="Blur_PS.hlsl">
      <Filter>Shader\Fullscreen Filters</Filter>
    </FxCompile>
    <FxCompile Include="BlurOutline_PS.hlsl">
      <Filter>Shader\Fullscreen Filters</Filter>
    </FxCompile>
    <FxCompile Include="PhongDifMskSpc_PS.hlsl">
      <Filter>Shader\Phong</Filter>
    </FxCompile>
    <FxCompile Include="PhongDifMskSpc_VS.hlsl">
      <Filter>Shader\Phong</Filter>
    </FxCompile>
  </ItemGroup>
  <ItemGroup>
    <None Include="DXGetErrorDescription.inl">
      <Filter>dxerr</Filter>
    </None>
    <None Include="DXGetErrorString.inl">
      <Filter>dxerr</Filter>
    </None>
    <None Include="DXTrace.inl">
      <Filter>dxerr</Filter>
    </None>
    <None Include="PointLight.hlsli">
      <Filter>Shader\ShaderIncludes</Filter>
    </None>
    <None Include="ShaderOps.hlsli">
      <Filter>Shader\ShaderIncludes</Filter>
    </None>
    <None Include="Transform.hlsli">
      <Filter>Shader\ShaderIncludes</Filter>
    </None>
    <None Include="LightVectorData.hlsli">
      <Filter>Shader\ShaderIncludes</Filter>
    </None>
  </ItemGroup>
</Project>